
Microsoft Visual Studio Solution File, Format Version 12.00
# Visual Studio 15
VisualStudioVersion = 15.0.28307.645
MinimumVisualStudioVersion = 10.0.40219.1
Project("{F2A71F9B-5D33-465A-A702-920D77279786}") = "Problem2", "Problem2\Problem2.fsproj", "{87D91210-B74F-4203-A151-55C7E679E26B}"
EndProject
Global
	GlobalSection(SolutionConfigurationPlatforms) = preSolution
		Debug|Any CPU = Debug|Any CPU
		Release|Any CPU = Release|Any CPU
	EndGlobalSection
	GlobalSection(ProjectConfigurationPlatforms) = postSolution
		{87D91210-B74F-4203-A151-55C7E679E26B}.Debug|Any CPU.ActiveCfg = Debug|Any CPU
		{87D91210-B74F-4203-A151-55C7E679E26B}.Debug|Any CPU.Build.0 = Debug|Any CPU
		{87D91210-B74F-4203-A151-55C7E679E26B}.Release|Any CPU.ActiveCfg = Release|Any CPU
		{87D91210-B74F-4203-A151-55C7E679E26B}.Release|Any CPU.Build.0 = Release|Any CPU
	EndGlobalSection
	GlobalSection(SolutionProperties) = preSolution
		HideSolutionNode = FALSE
	EndGlobalSection
	GlobalSection(ExtensibilityGlobals) = postSolution
		SolutionGuid = {3C1DF502-DFEB-4190-BDF7-4AA0D7827B13}
	EndGlobalSection
EndGlobal
